
Microsoft Visual Studio Solution File, Format Version 12.00
# Visual Studio Version 16
VisualStudioVersion = 16.0.32428.217
MinimumVisualStudioVersion = 10.0.40219.1
Project("{FAE04EC0-301F-11D3-BF4B-00C04F79EFBC}") = "databasefirst", "databasefirst\databasefirst.csproj", "{C1F05A4B-C2AB-469B-A5A3-0D03478EF5F0}"
EndProject
Project("{2150E333-8FDC-42A3-9474-1A3956D46DE8}") = "Solution Items", "Solution Items", "{B75BECDE-5C7F-490E-9ADA-F2B0805CBC93}"
	ProjectSection(SolutionItems) = preProject
		.editorconfig = .editorconfig
	EndProjectSection
EndProject
Global
	GlobalSection(SolutionConfigurationPlatforms) = preSolution
		Debug|Any CPU = Debug|Any CPU
		Release|Any CPU = Release|Any CPU
	EndGlobalSection
	GlobalSection(ProjectConfigurationPlatforms) = postSolution
		{C1F05A4B-C2AB-469B-A5A3-0D03478EF5F0}.Debug|Any CPU.ActiveCfg = Debug|Any CPU
		{C1F05A4B-C2AB-469B-A5A3-0D03478EF5F0}.Debug|Any CPU.Build.0 = Debug|Any CPU
		{C1F05A4B-C2AB-469B-A5A3-0D03478EF5F0}.Release|Any CPU.ActiveCfg = Release|Any CPU
		{C1F05A4B-C2AB-469B-A5A3-0D03478EF5F0}.Release|Any CPU.Build.0 = Release|Any CPU
	EndGlobalSection
	GlobalSection(SolutionProperties) = preSolution
		HideSolutionNode = FALSE
	EndGlobalSection
	GlobalSection(ExtensibilityGlobals) = postSolution
		SolutionGuid = {2443B353-A476-47D9-A773-69C297874749}
	EndGlobalSection
EndGlobal
